Microsoft Visual Studio Solution File, Format Version 11.00
# Visual Studio 2008

Project("{C5BD4508-C40A-1F9F-4004-7ED3EB61CD63}") = "Jogo do Aviaozinho", "Assembly-CSharp.csproj", "{F60562CE-1C06-BC06-ADF6-86FC7F93B794}"
EndProject
Global
	GlobalSection(SolutionConfigurationPlatforms) = preSolution
		Debug|Any CPU = Debug|Any CPU
		Release|Any CPU = Release|Any CPU
	EndGlobalSection
	GlobalSection(ProjectConfigurationPlatforms) = postSolution
		{F60562CE-1C06-BC06-ADF6-86FC7F93B794}.Debug|Any CPU.ActiveCfg = Debug|Any CPU
		{F60562CE-1C06-BC06-ADF6-86FC7F93B794}.Debug|Any CPU.Build.0 = Debug|Any CPU
		{F60562CE-1C06-BC06-ADF6-86FC7F93B794}.Release|Any CPU.ActiveCfg = Release|Any CPU
		{F60562CE-1C06-BC06-ADF6-86FC7F93B794}.Release|Any CPU.Build.0 = Release|Any CPU
	EndGlobalSection
	GlobalSection(SolutionProperties) = preSolution
		HideSolutionNode = FALSE
	EndGlobalSection
	GlobalSection(MonoDevelopProperties) = preSolution
		StartupItem = Assembly-CSharp.csproj
	EndGlobalSection
EndGlobal
